// !$*UTF8*$!
{
	archiveVersion = 1;
	classes = {
	};
	objectVersion = 77;
	objects = {

/* Begin PBXBuildFile section */
		455BA1722DC2E0B000AA4F4C /* Auth in Frameworks */ = {isa = PBXBuildFile; productRef = 455BA1712DC2E0B000AA4F4C /* Auth */; };
		455BA1742DC2E0B000AA4F4C /* Functions in Frameworks */ = {isa = PBXBuildFile; productRef = 455BA1732DC2E0B000AA4F4C /* Functions */; };
		455BA1762DC2E0B000AA4F4C /* PostgREST in Frameworks */ = {isa = PBXBuildFile; productRef = 455BA1752DC2E0B000AA4F4C /* PostgREST */; };
		455BA1782DC2E0B000AA4F4C /* Realtime in Frameworks */ = {isa = PBXBuildFile; productRef = 455BA1772DC2E0B000AA4F4C /* Realtime */; };
		455BA17A2DC2E0B000AA4F4C /* Storage in Frameworks */ = {isa = PBXBuildFile; productRef = 455BA1792DC2E0B000AA4F4C /* Storage */; };
		455BA17C2DC2E0B000AA4F4C /* Supabase in Frameworks */ = {isa = PBXBuildFile; productRef = 455BA17B2DC2E0B000AA4F4C /* Supabase */; };
		45DE4D0B2DC6C792009632C7 /* SDWebImageSwiftUI in Frameworks */ = {isa = PBXBuildFile; productRef = 45DE4D0A2DC6C792009632C7 /* SDWebImageSwiftUI */; };
/* End PBXBuildFile section */

/* Begin PBXFileReference section */
		455BA1302DC2819000AA4F4C /* StudChat.app */ = {isa = PBXFileReference; explicitFileType = wrapper.application; includeInIndex = 0; path = StudChat.app; sourceTree = BUILT_PRODUCTS_DIR; };
/* End PBXFileReference section */

/* Begin PBXFileSystemSynchronizedRootGroup section */
		455BA1322DC2819000AA4F4C /* StudChat */ = {
			isa = PBXFileSystemSynchronizedRootGroup;
			path = StudChat;
			sourceTree = "<group>";
		};
/* End PBXFileSystemSynchronizedRootGroup section */

/* Begin PBXFrameworksBuildPhase section */
		455BA12D2DC2819000AA4F4C /* Frameworks */ = {
			isa = PBXFrameworksBuildPhase;
			buildActionMask = 2147483647;
			files = (
				45DE4D0B2DC6C792009632C7 /* SDWebImageSwiftUI in Frameworks */,
				455BA1762DC2E0B000AA4F4C /* PostgREST in Frameworks */,
				455BA1742DC2E0B000AA4F4C /* Functions in Frameworks */,
				455BA17C2DC2E0B000AA4F4C /* Supabase in Frameworks */,
				455BA1722DC2E0B000AA4F4C /* Auth in Frameworks */,
				455BA17A2DC2E0B000AA4F4C /* Storage in Frameworks */,
				455BA1782DC2E0B000AA4F4C /* Realtime in Frameworks */,
			);
			runOnlyForDeploymentPostprocessing = 0;
		};
/* End PBXFrameworksBuildPhase section */

/* Begin PBXGroup section */
		455BA1272DC2819000AA4F4C = {
			isa = PBXGroup;
			children = (
				455BA1322DC2819000AA4F4C /* StudChat */,
				455BA1312DC2819000AA4F4C /* Products */,
			);
			sourceTree = "<group>";
		};
		455BA1312DC2819000AA4F4C /* Products */ = {
			isa = PBXGroup;
			children = (
				455BA1302DC2819000AA4F4C /* StudChat.app */,
			);
			name = Products;
			sourceTree = "<group>";
		};
/* End PBXGroup section */

/* Begin PBXNativeTarget section */
		455BA12F2DC2819000AA4F4C /* StudChat */ = {
			isa = PBXNativeTarget;
			buildConfigurationList = 455BA13E2DC2819200AA4F4C /* Build configuration list for PBXNativeTarget "StudChat" */;
			buildPhases = (
				455BA12C2DC2819000AA4F4C /* Sources */,
				455BA12D2DC2819000AA4F4C /* Frameworks */,
				455BA12E2DC2819000AA4F4C /* Resources */,
			);
			buildRules = (
			);
			dependencies = (
			);
			fileSystemSynchronizedGroups = (
				455BA1322DC2819000AA4F4C /* StudChat */,
			);
			name = StudChat;
			packageProductDependencies = (
				455BA1712DC2E0B000AA4F4C /* Auth */,
				455BA1732DC2E0B000AA4F4C /* Functions */,
				455BA1752DC2E0B000AA4F4C /* PostgREST */,
				455BA1772DC2E0B000AA4F4C /* Realtime */,
				455BA1792DC2E0B000AA4F4C /* Storage */,
				455BA17B2DC2E0B000AA4F4C /* Supabase */,
				45DE4D0A2DC6C792009632C7 /* SDWebImageSwiftUI */,
			);
			productName = StudChat;
			productReference = 455BA1302DC2819000AA4F4C /* StudChat.app */;
			productType = "com.apple.product-type.application";
		};
/* End PBXNativeTarget section */

/* Begin PBXProject section */
		455BA1282DC2819000AA4F4C /* Project object */ = {
			isa = PBXProject;
			attributes = {
				BuildIndependentTargetsInParallel = 1;
				LastSwiftUpdateCheck = 1620;
				LastUpgradeCheck = 1620;
				TargetAttributes = {
					455BA12F2DC2819000AA4F4C = {
						CreatedOnToolsVersion = 16.2;
					};
				};
			};
			buildConfigurationList = 455BA12B2DC2819000AA4F4C /* Build configuration list for PBXProject "StudChat" */;
			developmentRegion = en;
			hasScannedForEncodings = 0;
			knownRegions = (
				en,
				Base,
			);
			mainGroup = 455BA1272DC2819000AA4F4C;
			minimizedProjectReferenceProxies = 1;
			packageReferences = (
				455BA1702DC2E0B000AA4F4C /* XCRemoteSwiftPackageReference "supabase-swift" */,
				45DE4D092DC6C792009632C7 /* XCRemoteSwiftPackageReference "SDWebImageSwiftUI" */,
			);
			preferredProjectObjectVersion = 77;
			productRefGroup = 455BA1312DC2819000AA4F4C /* Products */;
			projectDirPath = "";
			projectRoot = "";
			targets = (
				455BA12F2DC2819000AA4F4C /* StudChat */,
			);
		};
/* End PBXProject section */

/* Begin PBXResourcesBuildPhase section */
		455BA12E2DC2819000AA4F4C /* Resources */ = {
			isa = PBXResourcesBuildPhase;
			buildActionMask = 2147483647;
			files = (
			);
			runOnlyForDeploymentPostprocessing = 0;
		};
/* End PBXResourcesBuildPhase section */

/* Begin PBXSourcesBuildPhase section */
		455BA12C2DC2819000AA4F4C /* Sources */ = {
			isa = PBXSourcesBuildPhase;
			buildActionMask = 2147483647;
			files = (
			);
			runOnlyForDeploymentPostprocessing = 0;
		};
/* End PBXSourcesBuildPhase section */

/* Begin XCBuildConfiguration section */
		455BA13C2DC2819200AA4F4C /* Debug */ = {
			isa = XCBuildConfiguration;
			buildSettings = {
				ALWAYS_SEARCH_USER_PATHS = NO;
				ASSETCATALOG_COMPILER_GENERATE_SWIFT_ASSET_SYMBOL_EXTENSIONS = YES;
				CLANG_ANALYZER_NONNULL = YES;
				CLANG_ANALYZER_NUMBER_OBJECT_CONVERSION = YES_AGGRESSIVE;
				CLANG_CXX_LANGUAGE_STANDARD = "gnu++20";
				CLANG_ENABLE_MODULES = YES;
				CLANG_ENABLE_OBJC_ARC = YES;
				CLANG_ENABLE_OBJC_WEAK = YES;
				CLANG_WARN_BLOCK_CAPTURE_AUTORELEASING = YES;
				CLANG_WARN_BOOL_CONVERSION = YES;
				CLANG_WARN_COMMA = YES;
				CLANG_WARN_CONSTANT_CONVERSION = YES;
				CLANG_WARN_DEPRECATED_OBJC_IMPLEMENTATIONS = YES;
				CLANG_WARN_DIRECT_OBJC_ISA_USAGE = YES_ERROR;
				CLANG_WARN_DOCUMENTATION_COMMENTS = YES;
				CLANG_WARN_EMPTY_BODY = YES;
				CLANG_WARN_ENUM_CONVERSION = YES;
				CLANG_WARN_INFINITE_RECURSION = YES;
				CLANG_WARN_INT_CONVERSION = YES;
				CLANG_WARN_NON_LITERAL_NULL_CONVERSION = YES;
				CLANG_WARN_OBJC_IMPLICIT_RETAIN_SELF = YES;
				CLANG_WARN_OBJC_LITERAL_CONVERSION = YES;
				CLANG_WARN_OBJC_ROOT_CLASS = YES_ERROR;
				CLANG_WARN_QUOTED_INCLUDE_IN_FRAMEWORK_HEADER = YES;
				CLANG_WARN_RANGE_LOOP_ANALYSIS = YES;
				CLANG_WARN_STRICT_PROTOTYPES = YES;
				CLANG_WARN_SUSPICIOUS_MOVE = YES;
				CLANG_WARN_UNGUARDED_AVAILABILITY = YES_AGGRESSIVE;
				CLANG_WARN_UNREACHABLE_CODE = YES;
				CLANG_WARN__DUPLICATE_METHOD_MATCH = YES;
				COPY_PHASE_STRIP = NO;
				DEBUG_INFORMATION_FORMAT = dwarf;
				ENABLE_STRICT_OBJC_MSGSEND = YES;
				ENABLE_TESTABILITY = YES;
				ENABLE_USER_SCRIPT_SANDBOXING = YES;
				GCC_C_LANGUAGE_STANDARD = gnu17;
				GCC_DYNAMIC_NO_PIC = NO;
				GCC_NO_COMMON_BLOCKS = YES;
				GCC_OPTIMIZATION_LEVEL = 0;
				GCC_PREPROCESSOR_DEFINITIONS = (
					"DEBUG=1",
					"$(inherited)",
				);
				GCC_WARN_64_TO_32_BIT_CONVERSION = YES;
				GCC_WARN_ABOUT_RETURN_TYPE = YES_ERROR;
				GCC_WARN_UNDECLARED_SELECTOR = YES;
				GCC_WARN_UNINITIALIZED_AUTOS = YES_AGGRESSIVE;
				GCC_WARN_UNUSED_FUNCTION = YES;
				GCC_WARN_UNUSED_VARIABLE = YES;
				IPHONEOS_DEPLOYMENT_TARGET = 18.2;
				LOCALIZATION_PREFERS_STRING_CATALOGS = YES;
				MTL_ENABLE_DEBUG_INFO = INCLUDE_SOURCE;
				MTL_FAST_MATH = YES;
				ONLY_ACTIVE_ARCH = YES;
				SDKROOT = iphoneos;
				SWIFT_ACTIVE_COMPILATION_CONDITIONS = "DEBUG $(inherited)";
				SWIFT_OPTIMIZATION_LEVEL = "-Onone";
			};
			name = Debug;
		};
		455BA13D2DC2819200AA4F4C /* Release */ = {
			isa = XCBuildConfiguration;
			buildSettings = {
				ALWAYS_SEARCH_USER_PATHS = NO;
				ASSETCATALOG_COMPILER_GENERATE_SWIFT_ASSET_SYMBOL_EXTENSIONS = YES;
				CLANG_ANALYZER_NONNULL = YES;
				CLANG_ANALYZER_NUMBER_OBJECT_CONVERSION = YES_AGGRESSIVE;
				CLANG_CXX_LANGUAGE_STANDARD = "gnu++20";
				CLANG_ENABLE_MODULES = YES;
				CLANG_ENABLE_OBJC_ARC = YES;
				CLANG_ENABLE_OBJC_WEAK = YES;
				CLANG_WARN_BLOCK_CAPTURE_AUTORELEASING = YES;
				CLANG_WARN_BOOL_CONVERSION = YES;
				CLANG_WARN_COMMA = YES;
				CLANG_WARN_CONSTANT_CONVERSION = YES;
				CLANG_WARN_DEPRECATED_OBJC_IMPLEMENTATIONS = YES;
				CLANG_WARN_DIRECT_OBJC_ISA_USAGE = YES_ERROR;
				CLANG_WARN_DOCUMENTATION_COMMENTS = YES;
				CLANG_WARN_EMPTY_BODY = YES;
				CLANG_WARN_ENUM_CONVERSION = YES;
				CLANG_WARN_INFINITE_RECURSION = YES;
				CLANG_WARN_INT_CONVERSION = YES;
				CLANG_WARN_NON_LITERAL_NULL_CONVERSION = YES;
				CLANG_WARN_OBJC_IMPLICIT_RETAIN_SELF = YES;
				CLANG_WARN_OBJC_LITERAL_CONVERSION = YES;
				CLANG_WARN_OBJC_ROOT_CLASS = YES_ERROR;
				CLANG_WARN_QUOTED_INCLUDE_IN_FRAMEWORK_HEADER = YES;
				CLANG_WARN_RANGE_LOOP_ANALYSIS = YES;
				CLANG_WARN_STRICT_PROTOTYPES = YES;
				CLANG_WARN_SUSPICIOUS_MOVE = YES;
				CLANG_WARN_UNGUARDED_AVAILABILITY = YES_AGGRESSIVE;
				CLANG_WARN_UNREACHABLE_CODE = YES;
				CLANG_WARN__DUPLICATE_METHOD_MATCH = YES;
				COPY_PHASE_STRIP = NO;
				DEBUG_INFORMATION_FORMAT = "dwarf-with-dsym";
				ENABLE_NS_ASSERTIONS = NO;
				ENABLE_STRICT_OBJC_MSGSEND = YES;
				ENABLE_USER_SCRIPT_SANDBOXING = YES;
				GCC_C_LANGUAGE_STANDARD = gnu17;
				GCC_NO_COMMON_BLOCKS = YES;
				GCC_WARN_64_TO_32_BIT_CONVERSION = YES;
				GCC_WARN_ABOUT_RETURN_TYPE = YES_ERROR;
				GCC_WARN_UNDECLARED_SELECTOR = YES;
				GCC_WARN_UNINITIALIZED_AUTOS = YES_AGGRESSIVE;
				GCC_WARN_UNUSED_FUNCTION = YES;
				GCC_WARN_UNUSED_VARIABLE = YES;
				IPHONEOS_DEPLOYMENT_TARGET = 18.2;
				LOCALIZATION_PREFERS_STRING_CATALOGS = YES;
				MTL_ENABLE_DEBUG_INFO = NO;
				MTL_FAST_MATH = YES;
				SDKROOT = iphoneos;
				SWIFT_COMPILATION_MODE = wholemodule;
				VALIDATE_PRODUCT = YES;
			};
			name = Release;
		};
		455BA13F2DC2819200AA4F4C /* Debug */ = {
			isa = XCBuildConfiguration;
			buildSettings = {
				ASSETCATALOG_COMPILER_APPICON_NAME = AppIcon;
				ASSETCATALOG_COMPILER_GLOBAL_ACCENT_COLOR_NAME = AccentColor;
				CODE_SIGN_STYLE = Automatic;
				CURRENT_PROJECT_VERSION = 1;
				DEVELOPMENT_ASSET_PATHS = "\"StudChat/Preview Content\"";
				DEVELOPMENT_TEAM = 47J65PRH9N;
				ENABLE_PREVIEWS = YES;
				GENERATE_INFOPLIST_FILE = YES;
				INFOPLIST_KEY_UIApplicationSceneManifest_Generation = YES;
				INFOPLIST_KEY_UIApplicationSupportsIndirectInputEvents = YES;
				INFOPLIST_KEY_UILaunchScreen_Generation = YES;
				INFOPLIST_KEY_UISupportedInterfaceOrientations_iPad = "UIInterfaceOrientationPortrait UIInterfaceOrientationPortraitUpsideDown UIInterfaceOrientationLandscapeLeft UIInterfaceOrientationLandscapeRight";
				INFOPLIST_KEY_UISupportedInterfaceOrientations_iPhone = "UIInterfaceOrientationPortrait UIInterfaceOrientationLandscapeLeft UIInterfaceOrientationLandscapeRight";
				LD_RUNPATH_SEARCH_PATHS = (
					"$(inherited)",
					"@executable_path/Frameworks",
				);
				MARKETING_VERSION = 1.0;
				PRODUCT_BUNDLE_IDENTIFIER = ferit.kSibalic.StudChat;
				PRODUCT_NAME = "$(TARGET_NAME)";
				SWIFT_EMIT_LOC_STRINGS = YES;
				SWIFT_VERSION = 5.0;
				TARGETED_DEVICE_FAMILY = "1,2";
			};
			name = Debug;
		};
		455BA1402DC2819200AA4F4C /* Release */ = {
			isa = XCBuildConfiguration;
			buildSettings = {
				ASSETCATALOG_COMPILER_APPICON_NAME = AppIcon;
				ASSETCATALOG_COMPILER_GLOBAL_ACCENT_COLOR_NAME = AccentColor;
				CODE_SIGN_STYLE = Automatic;
				CURRENT_PROJECT_VERSION = 1;
				DEVELOPMENT_ASSET_PATHS = "\"StudChat/Preview Content\"";
				DEVELOPMENT_TEAM = 47J65PRH9N;
				ENABLE_PREVIEWS = YES;
				GENERATE_INFOPLIST_FILE = YES;
				INFOPLIST_KEY_UIApplicationSceneManifest_Generation = YES;
				INFOPLIST_KEY_UIApplicationSupportsIndirectInputEvents = YES;
				INFOPLIST_KEY_UILaunchScreen_Generation = YES;
				INFOPLIST_KEY_UISupportedInterfaceOrientations_iPad = "UIInterfaceOrientationPortrait UIInterfaceOrientationPortraitUpsideDown UIInterfaceOrientationLandscapeLeft UIInterfaceOrientationLandscapeRight";
				INFOPLIST_KEY_UISupportedInterfaceOrientations_iPhone = "UIInterfaceOrientationPortrait UIInterfaceOrientationLandscapeLeft UIInterfaceOrientationLandscapeRight";
				LD_RUNPATH_SEARCH_PATHS = (
					"$(inherited)",
					"@executable_path/Frameworks",
				);
				MARKETING_VERSION = 1.0;
				PRODUCT_BUNDLE_IDENTIFIER = ferit.kSibalic.StudChat;
				PRODUCT_NAME = "$(TARGET_NAME)";
				SWIFT_EMIT_LOC_STRINGS = YES;
				SWIFT_VERSION = 5.0;
				TARGETED_DEVICE_FAMILY = "1,2";
			};
			name = Release;
		};
/* End XCBuildConfiguration section */

/* Begin XCConfigurationList section */
		455BA12B2DC2819000AA4F4C /* Build configuration list for PBXProject "StudChat" */ = {
			isa = XCConfigurationList;
			buildConfigurations = (
				455BA13C2DC2819200AA4F4C /* Debug */,
				455BA13D2DC2819200AA4F4C /* Release */,
			);
			defaultConfigurationIsVisible = 0;
			defaultConfigurationName = Release;
		};
		455BA13E2DC2819200AA4F4C /* Build configuration list for PBXNativeTarget "StudChat" */ = {
			isa = XCConfigurationList;
			buildConfigurations = (
				455BA13F2DC2819200AA4F4C /* Debug */,
				455BA1402DC2819200AA4F4C /* Release */,
			);
			defaultConfigurationIsVisible = 0;
			defaultConfigurationName = Release;
		};
/* End XCConfigurationList section */

/* Begin XCRemoteSwiftPackageReference section */
		455BA1702DC2E0B000AA4F4C /* XCRemoteSwiftPackageReference "supabase-swift" */ = {
			isa = XCRemoteSwiftPackageReference;
			repositoryURL = "https://github.com/supabase/supabase-swift.git";
			requirement = {
				kind = upToNextMajorVersion;
				minimumVersion = 2.5.1;
			};
		};
		45DE4D092DC6C792009632C7 /* XCRemoteSwiftPackageReference "SDWebImageSwiftUI" */ = {
			isa = XCRemoteSwiftPackageReference;
			repositoryURL = "https://github.com/SDWebImage/SDWebImageSwiftUI.git";
			requirement = {
				kind = upToNextMajorVersion;
				minimumVersion = 3.1.3;
			};
		};
/* End XCRemoteSwiftPackageReference section */

/* Begin XCSwiftPackageProductDependency section */
		455BA1712DC2E0B000AA4F4C /* Auth */ = {
			isa = XCSwiftPackageProductDependency;
			package = 455BA1702DC2E0B000AA4F4C /* XCRemoteSwiftPackageReference "supabase-swift" */;
			productName = Auth;
		};
		455BA1732DC2E0B000AA4F4C /* Functions */ = {
			isa = XCSwiftPackageProductDependency;
			package = 455BA1702DC2E0B000AA4F4C /* XCRemoteSwiftPackageReference "supabase-swift" */;
			productName = Functions;
		};
		455BA1752DC2E0B000AA4F4C /* PostgREST */ = {
			isa = XCSwiftPackageProductDependency;
			package = 455BA1702DC2E0B000AA4F4C /* XCRemoteSwiftPackageReference "supabase-swift" */;
			productName = PostgREST;
		};
		455BA1772DC2E0B000AA4F4C /* Realtime */ = {
			isa = XCSwiftPackageProductDependency;
			package = 455BA1702DC2E0B000AA4F4C /* XCRemoteSwiftPackageReference "supabase-swift" */;
			productName = Realtime;
		};
		455BA1792DC2E0B000AA4F4C /* Storage */ = {
			isa = XCSwiftPackageProductDependency;
			package = 455BA1702DC2E0B000AA4F4C /* XCRemoteSwiftPackageReference "supabase-swift" */;
			productName = Storage;
		};
		455BA17B2DC2E0B000AA4F4C /* Supabase */ = {
			isa = XCSwiftPackageProductDependency;
			package = 455BA1702DC2E0B000AA4F4C /* XCRemoteSwiftPackageReference "supabase-swift" */;
			productName = Supabase;
		};
		45DE4D0A2DC6C792009632C7 /* SDWebImageSwiftUI */ = {
			isa = XCSwiftPackageProductDependency;
			package = 45DE4D092DC6C792009632C7 /* XCRemoteSwiftPackageReference "SDWebImageSwiftUI" */;
			productName = SDWebImageSwiftUI;
		};
/* End XCSwiftPackageProductDependency section */
	};
	rootObject = 455BA1282DC2819000AA4F4C /* Project object */;
}
